
Microsoft Visual Studio Solution File, Format Version 12.00
# Visual Studio Version 17
VisualStudioVersion = 17.14.36518.9
MinimumVisualStudioVersion = 10.0.40219.1
Project("{FAE04EC0-301F-11D3-BF4B-00C04F79EFBC}") = "MasterNet.Domain", "MasterNet.Domain\MasterNet.Domain.csproj", "{C6F8283E-18BA-4EEF-AA75-C59F689C18F6}"
EndProject
Project("{FAE04EC0-301F-11D3-BF4B-00C04F79EFBC}") = "MasterNet.WebApi", "MasterNet.WebApi\MasterNet.WebApi.csproj", "{162EFAE2-011D-4345-9CE1-DB8DB70FFC09}"
EndProject
Project("{FAE04EC0-301F-11D3-BF4B-00C04F79EFBC}") = "MasterNet.Persistence", "MasterNet.Persistence\MasterNet.Persistence.csproj", "{722B82BD-FB9F-4549-B1F4-D6684CC0BFAB}"
EndProject
Project("{FAE04EC0-301F-11D3-BF4B-00C04F79EFBC}") = "MasterNet.Application", "MasterNet.Application\MasterNet.Application.csproj", "{3C11983E-01FE-49FD-913F-45A0619B32BB}"
EndProject
Project("{FAE04EC0-301F-11D3-BF4B-00C04F79EFBC}") = "MasterNet.Infrastructure", "MasterNet.Infrastructure\MasterNet.Infrastructure.csproj", "{9712A3E4-FF57-475F-9125-5D92FC66DA15}"
EndProject
Global
	GlobalSection(SolutionConfigurationPlatforms) = preSolution
		Debug|Any CPU = Debug|Any CPU
		Debug|x64 = Debug|x64
		Debug|x86 = Debug|x86
		Release|Any CPU = Release|Any CPU
		Release|x64 = Release|x64
		Release|x86 = Release|x86
	EndGlobalSection
	GlobalSection(ProjectConfigurationPlatforms) = postSolution
		{C6F8283E-18BA-4EEF-AA75-C59F689C18F6}.Debug|Any CPU.ActiveCfg = Debug|Any CPU
		{C6F8283E-18BA-4EEF-AA75-C59F689C18F6}.Debug|Any CPU.Build.0 = Debug|Any CPU
		{C6F8283E-18BA-4EEF-AA75-C59F689C18F6}.Debug|x64.ActiveCfg = Debug|Any CPU
		{C6F8283E-18BA-4EEF-AA75-C59F689C18F6}.Debug|x64.Build.0 = Debug|Any CPU
		{C6F8283E-18BA-4EEF-AA75-C59F689C18F6}.Debug|x86.ActiveCfg = Debug|Any CPU
		{C6F8283E-18BA-4EEF-AA75-C59F689C18F6}.Debug|x86.Build.0 = Debug|Any CPU
		{C6F8283E-18BA-4EEF-AA75-C59F689C18F6}.Release|Any CPU.ActiveCfg = Release|Any CPU
		{C6F8283E-18BA-4EEF-AA75-C59F689C18F6}.Release|Any CPU.Build.0 = Release|Any CPU
		{C6F8283E-18BA-4EEF-AA75-C59F689C18F6}.Release|x64.ActiveCfg = Release|Any CPU
		{C6F8283E-18BA-4EEF-AA75-C59F689C18F6}.Release|x64.Build.0 = Release|Any CPU
		{C6F8283E-18BA-4EEF-AA75-C59F689C18F6}.Release|x86.ActiveCfg = Release|Any CPU
		{C6F8283E-18BA-4EEF-AA75-C59F689C18F6}.Release|x86.Build.0 = Release|Any CPU
		{162EFAE2-011D-4345-9CE1-DB8DB70FFC09}.Debug|Any CPU.ActiveCfg = Debug|Any CPU
		{162EFAE2-011D-4345-9CE1-DB8DB70FFC09}.Debug|Any CPU.Build.0 = Debug|Any CPU
		{162EFAE2-011D-4345-9CE1-DB8DB70FFC09}.Debug|x64.ActiveCfg = Debug|Any CPU
		{162EFAE2-011D-4345-9CE1-DB8DB70FFC09}.Debug|x64.Build.0 = Debug|Any CPU
		{162EFAE2-011D-4345-9CE1-DB8DB70FFC09}.Debug|x86.ActiveCfg = Debug|Any CPU
		{162EFAE2-011D-4345-9CE1-DB8DB70FFC09}.Debug|x86.Build.0 = Debug|Any CPU
		{162EFAE2-011D-4345-9CE1-DB8DB70FFC09}.Release|Any CPU.ActiveCfg = Release|Any CPU
		{162EFAE2-011D-4345-9CE1-DB8DB70FFC09}.Release|Any CPU.Build.0 = Release|Any CPU
		{162EFAE2-011D-4345-9CE1-DB8DB70FFC09}.Release|x64.ActiveCfg = Release|Any CPU
		{162EFAE2-011D-4345-9CE1-DB8DB70FFC09}.Release|x64.Build.0 = Release|Any CPU
		{162EFAE2-011D-4345-9CE1-DB8DB70FFC09}.Release|x86.ActiveCfg = Release|Any CPU
		{162EFAE2-011D-4345-9CE1-DB8DB70FFC09}.Release|x86.Build.0 = Release|Any CPU
		{722B82BD-FB9F-4549-B1F4-D6684CC0BFAB}.Debug|Any CPU.ActiveCfg = Debug|Any CPU
		{722B82BD-FB9F-4549-B1F4-D6684CC0BFAB}.Debug|Any CPU.Build.0 = Debug|Any CPU
		{722B82BD-FB9F-4549-B1F4-D6684CC0BFAB}.Debug|x64.ActiveCfg = Debug|Any CPU
		{722B82BD-FB9F-4549-B1F4-D6684CC0BFAB}.Debug|x64.Build.0 = Debug|Any CPU
		{722B82BD-FB9F-4549-B1F4-D6684CC0BFAB}.Debug|x86.ActiveCfg = Debug|Any CPU
		{722B82BD-FB9F-4549-B1F4-D6684CC0BFAB}.Debug|x86.Build.0 = Debug|Any CPU
		{722B82BD-FB9F-4549-B1F4-D6684CC0BFAB}.Release|Any CPU.ActiveCfg = Release|Any CPU
		{722B82BD-FB9F-4549-B1F4-D6684CC0BFAB}.Release|Any CPU.Build.0 = Release|Any CPU
		{722B82BD-FB9F-4549-B1F4-D6684CC0BFAB}.Release|x64.ActiveCfg = Release|Any CPU
		{722B82BD-FB9F-4549-B1F4-D6684CC0BFAB}.Release|x64.Build.0 = Release|Any CPU
		{722B82BD-FB9F-4549-B1F4-D6684CC0BFAB}.Release|x86.ActiveCfg = Release|Any CPU
		{722B82BD-FB9F-4549-B1F4-D6684CC0BFAB}.Release|x86.Build.0 = Release|Any CPU
		{3C11983E-01FE-49FD-913F-45A0619B32BB}.Debug|Any CPU.ActiveCfg = Debug|Any CPU
		{3C11983E-01FE-49FD-913F-45A0619B32BB}.Debug|Any CPU.Build.0 = Debug|Any CPU
		{3C11983E-01FE-49FD-913F-45A0619B32BB}.Debug|x64.ActiveCfg = Debug|Any CPU
		{3C11983E-01FE-49FD-913F-45A0619B32BB}.Debug|x64.Build.0 = Debug|Any CPU
		{3C11983E-01FE-49FD-913F-45A0619B32BB}.Debug|x86.ActiveCfg = Debug|Any CPU
		{3C11983E-01FE-49FD-913F-45A0619B32BB}.Debug|x86.Build.0 = Debug|Any CPU
		{3C11983E-01FE-49FD-913F-45A0619B32BB}.Release|Any CPU.ActiveCfg = Release|Any CPU
		{3C11983E-01FE-49FD-913F-45A0619B32BB}.Release|Any CPU.Build.0 = Release|Any CPU
		{3C11983E-01FE-49FD-913F-45A0619B32BB}.Release|x64.ActiveCfg = Release|Any CPU
		{3C11983E-01FE-49FD-913F-45A0619B32BB}.Release|x64.Build.0 = Release|Any CPU
		{3C11983E-01FE-49FD-913F-45A0619B32BB}.Release|x86.ActiveCfg = Release|Any CPU
		{3C11983E-01FE-49FD-913F-45A0619B32BB}.Release|x86.Build.0 = Release|Any CPU
		{9712A3E4-FF57-475F-9125-5D92FC66DA15}.Debug|Any CPU.ActiveCfg = Debug|Any CPU
		{9712A3E4-FF57-475F-9125-5D92FC66DA15}.Debug|Any CPU.Build.0 = Debug|Any CPU
		{9712A3E4-FF57-475F-9125-5D92FC66DA15}.Debug|x64.ActiveCfg = Debug|Any CPU
		{9712A3E4-FF57-475F-9125-5D92FC66DA15}.Debug|x64.Build.0 = Debug|Any CPU
		{9712A3E4-FF57-475F-9125-5D92FC66DA15}.Debug|x86.ActiveCfg = Debug|Any CPU
		{9712A3E4-FF57-475F-9125-5D92FC66DA15}.Debug|x86.Build.0 = Debug|Any CPU
		{9712A3E4-FF57-475F-9125-5D92FC66DA15}.Release|Any CPU.ActiveCfg = Release|Any CPU
		{9712A3E4-FF57-475F-9125-5D92FC66DA15}.Release|Any CPU.Build.0 = Release|Any CPU
		{9712A3E4-FF57-475F-9125-5D92FC66DA15}.Release|x64.ActiveCfg = Release|Any CPU
		{9712A3E4-FF57-475F-9125-5D92FC66DA15}.Release|x64.Build.0 = Release|Any CPU
		{9712A3E4-FF57-475F-9125-5D92FC66DA15}.Release|x86.ActiveCfg = Release|Any CPU
		{9712A3E4-FF57-475F-9125-5D92FC66DA15}.Release|x86.Build.0 = Release|Any CPU
	EndGlobalSection
	GlobalSection(SolutionProperties) = preSolution
		HideSolutionNode = FALSE
	EndGlobalSection
	GlobalSection(ExtensibilityGlobals) = postSolution
		SolutionGuid = {9407A447-3EAA-40FB-BC4A-BB1BB55EE24B}
	EndGlobalSection
EndGlobal
